PODS:
  - Flutter (1.0.0)
  - NMSSH (2.3.1)
  - path_provider (0.0.1):
    - Flutter
  - ssh (0.0.2):
    - Flutter
    - NMSSH

DEPENDENCIES:
  - Flutter (from `.symlinks/flutter/ios-release`)
  - path_provider (from `.symlinks/plugins/path_provider/ios`)
  - ssh (from `.symlinks/plugins/ssh/ios`)

SPEC REPOS:
  https://github.com/cocoapods/specs.git:
    - NMSSH

EXTERNAL SOURCES:
  Flutter:
    :path: ".symlinks/flutter/ios-release"
  path_provider:
    :path: ".symlinks/plugins/path_provider/ios"
  ssh:
    :path: ".symlinks/plugins/ssh/ios"

SPEC CHECKSUMS:
  Flutter: 58dd7d1b27887414a370fcccb9e645c08ffd7a6a
  NMSSH: cd689ae535a1581a6dd9fd4600ff71247df510a6
  path_provider: f96fff6166a8867510d2c25fdcc346327cc4b259
  ssh: c949ce197d9cdd23d3d8718d9aee734f87c3380b

PODFILE CHECKSUM: 1e5af4103afd21ca5ead147d7b81d06f494f51a2

COCOAPODS: 1.6.1
